{
  "object": {
    "pins": [
      {
        "package": "WolfBase",
        "repositoryURL": "https://github.com/WolfMcNally/WolfBase",
        "state": {
          "branch": null,
          "revision": "9d3193e912b96b77e706e6ebf45f4fbe46e896f8",
          "version": "1.2.0"
        }
      }
    ]
  },
  "version": 1
}
